
Microsoft Visual Studio Solution File, Format Version 12.00
# Visual Studio Version 16
VisualStudioVersion = 16.0.32228.343
MinimumVisualStudioVersion = 10.0.40219.1
Project("{FAE04EC0-301F-11D3-BF4B-00C04F79EFBC}") = "АИС Театральная касса", "АИС Театральная касса.csproj", "{78B1225A-F80F-411B-97F0-56E643C8CF16}"
EndProject
Global
	GlobalSection(SolutionConfigurationPlatforms) = preSolution
		Debug|Any CPU = Debug|Any CPU
		Debug|x64 = Debug|x64
		Release|Any CPU = Release|Any CPU
		Release|x64 = Release|x64
	EndGlobalSection
	GlobalSection(ProjectConfigurationPlatforms) = postSolution
		{78B1225A-F80F-411B-97F0-56E643C8CF16}.Debug|Any CPU.ActiveCfg = Debug|Any CPU
		{78B1225A-F80F-411B-97F0-56E643C8CF16}.Debug|Any CPU.Build.0 = Debug|Any CPU
		{78B1225A-F80F-411B-97F0-56E643C8CF16}.Debug|x64.ActiveCfg = Debug|x64
		{78B1225A-F80F-411B-97F0-56E643C8CF16}.Debug|x64.Build.0 = Debug|x64
		{78B1225A-F80F-411B-97F0-56E643C8CF16}.Release|Any CPU.ActiveCfg = Release|Any CPU
		{78B1225A-F80F-411B-97F0-56E643C8CF16}.Release|Any CPU.Build.0 = Release|Any CPU
		{78B1225A-F80F-411B-97F0-56E643C8CF16}.Release|x64.ActiveCfg = Release|x64
		{78B1225A-F80F-411B-97F0-56E643C8CF16}.Release|x64.Build.0 = Release|x64
	EndGlobalSection
	GlobalSection(SolutionProperties) = preSolution
		HideSolutionNode = FALSE
	EndGlobalSection
	GlobalSection(ExtensibilityGlobals) = postSolution
		SolutionGuid = {F09EE87F-F3E5-4037-A1F4-47A7DBA98F2D}
	EndGlobalSection
EndGlobal
